
Microsoft Visual Studio Solution File, Format Version 12.00
# Visual Studio Version 17
VisualStudioVersion = 17.5.33502.453
MinimumVisualStudioVersion = 10.0.40219.1
Project("{9A19103F-16F7-4668-BE54-9A1E7A4F7556}") = "TH1", "TH1\TH1.csproj", "{C4204BBF-63A0-4364-BE70-049FB0C386D5}"
EndProject
Global
	GlobalSection(SolutionConfigurationPlatforms) = preSolution
		Debug|Any CPU = Debug|Any CPU
		Release|Any CPU = Release|Any CPU
	EndGlobalSection
	GlobalSection(ProjectConfigurationPlatforms) = postSolution
		{C4204BBF-63A0-4364-BE70-049FB0C386D5}.Debug|Any CPU.ActiveCfg = Debug|Any CPU
		{C4204BBF-63A0-4364-BE70-049FB0C386D5}.Debug|Any CPU.Build.0 = Debug|Any CPU
		{C4204BBF-63A0-4364-BE70-049FB0C386D5}.Release|Any CPU.ActiveCfg = Release|Any CPU
		{C4204BBF-63A0-4364-BE70-049FB0C386D5}.Release|Any CPU.Build.0 = Release|Any CPU
	EndGlobalSection
	GlobalSection(SolutionProperties) = preSolution
		HideSolutionNode = FALSE
	EndGlobalSection
	GlobalSection(ExtensibilityGlobals) = postSolution
		SolutionGuid = {AB4F2A4E-3AAA-4E2C-BC19-5F470FA3025A}
	EndGlobalSection
EndGlobal
