
Microsoft Visual Studio Solution File, Format Version 12.00
# Visual Studio Version 17
VisualStudioVersion = 17.5.33502.453
MinimumVisualStudioVersion = 10.0.40219.1
Project("{9A19103F-16F7-4668-BE54-9A1E7A4F7556}") = "Lab1", "TH1\Lab1.csproj", "{C4204BBF-63A0-4364-BE70-049FB0C386D5}"
EndProject
Project("{9A19103F-16F7-4668-BE54-9A1E7A4F7556}") = "Lab2", "Lab2\Lab2.csproj", "{03A986C2-7D7B-47E6-BB40-DEA77FAE3715}"
EndProject
Project("{FAE04EC0-301F-11D3-BF4B-00C04F79EFBC}") = "TCP", "TCP\TCP.csproj", "{B7D24219-88F0-498B-8DFB-A5549A2E25B0}"
EndProject
Project("{FAE04EC0-301F-11D3-BF4B-00C04F79EFBC}") = "Lab3-Bai4", "Bai4\Lab3-Bai4.csproj", "{77F64358-63FB-48C2-8309-5D5528B8683C}"
EndProject
Project("{9A19103F-16F7-4668-BE54-9A1E7A4F7556}") = "WebBrowser", "WebBrowser\WebBrowser.csproj", "{1D3700F5-69B8-4A70-A790-8ADF23F96D0B}"
EndProject
Project("{9A19103F-16F7-4668-BE54-9A1E7A4F7556}") = "UserView", "UserView\UserView.csproj", "{18CAFC1A-F939-42C5-AF01-F607B8BF41CC}"
EndProject
Project("{9A19103F-16F7-4668-BE54-9A1E7A4F7556}") = "News", "News\News.csproj", "{47BD5E7D-5B10-4C30-A9CF-54F95ECC0C1E}"
EndProject
Project("{9A19103F-16F7-4668-BE54-9A1E7A4F7556}") = "EmailClient", "EmailClient\EmailClient.csproj", "{460C2903-E1C9-476B-88D3-7596B952ADE4}"
EndProject
Project("{FAE04EC0-301F-11D3-BF4B-00C04F79EFBC}") = "Lab6", "Lab6\Lab6.csproj", "{B5FD9415-0067-418E-A91C-B3F001DDA364}"
EndProject
Global
	GlobalSection(SolutionConfigurationPlatforms) = preSolution
		Debug|Any CPU = Debug|Any CPU
		Release|Any CPU = Release|Any CPU
	EndGlobalSection
	GlobalSection(ProjectConfigurationPlatforms) = postSolution
		{C4204BBF-63A0-4364-BE70-049FB0C386D5}.Debug|Any CPU.ActiveCfg = Debug|Any CPU
		{C4204BBF-63A0-4364-BE70-049FB0C386D5}.Debug|Any CPU.Build.0 = Debug|Any CPU
		{C4204BBF-63A0-4364-BE70-049FB0C386D5}.Release|Any CPU.ActiveCfg = Release|Any CPU
		{C4204BBF-63A0-4364-BE70-049FB0C386D5}.Release|Any CPU.Build.0 = Release|Any CPU
		{03A986C2-7D7B-47E6-BB40-DEA77FAE3715}.Debug|Any CPU.ActiveCfg = Debug|Any CPU
		{03A986C2-7D7B-47E6-BB40-DEA77FAE3715}.Debug|Any CPU.Build.0 = Debug|Any CPU
		{03A986C2-7D7B-47E6-BB40-DEA77FAE3715}.Release|Any CPU.ActiveCfg = Release|Any CPU
		{03A986C2-7D7B-47E6-BB40-DEA77FAE3715}.Release|Any CPU.Build.0 = Release|Any CPU
		{B7D24219-88F0-498B-8DFB-A5549A2E25B0}.Debug|Any CPU.ActiveCfg = Debug|Any CPU
		{B7D24219-88F0-498B-8DFB-A5549A2E25B0}.Debug|Any CPU.Build.0 = Debug|Any CPU
		{B7D24219-88F0-498B-8DFB-A5549A2E25B0}.Release|Any CPU.ActiveCfg = Release|Any CPU
		{B7D24219-88F0-498B-8DFB-A5549A2E25B0}.Release|Any CPU.Build.0 = Release|Any CPU
		{77F64358-63FB-48C2-8309-5D5528B8683C}.Debug|Any CPU.ActiveCfg = Debug|Any CPU
		{77F64358-63FB-48C2-8309-5D5528B8683C}.Debug|Any CPU.Build.0 = Debug|Any CPU
		{77F64358-63FB-48C2-8309-5D5528B8683C}.Release|Any CPU.ActiveCfg = Release|Any CPU
		{77F64358-63FB-48C2-8309-5D5528B8683C}.Release|Any CPU.Build.0 = Release|Any CPU
		{1D3700F5-69B8-4A70-A790-8ADF23F96D0B}.Debug|Any CPU.ActiveCfg = Debug|Any CPU
		{1D3700F5-69B8-4A70-A790-8ADF23F96D0B}.Debug|Any CPU.Build.0 = Debug|Any CPU
		{1D3700F5-69B8-4A70-A790-8ADF23F96D0B}.Release|Any CPU.ActiveCfg = Release|Any CPU
		{1D3700F5-69B8-4A70-A790-8ADF23F96D0B}.Release|Any CPU.Build.0 = Release|Any CPU
		{18CAFC1A-F939-42C5-AF01-F607B8BF41CC}.Debug|Any CPU.ActiveCfg = Debug|Any CPU
		{18CAFC1A-F939-42C5-AF01-F607B8BF41CC}.Debug|Any CPU.Build.0 = Debug|Any CPU
		{18CAFC1A-F939-42C5-AF01-F607B8BF41CC}.Release|Any CPU.ActiveCfg = Release|Any CPU
		{18CAFC1A-F939-42C5-AF01-F607B8BF41CC}.Release|Any CPU.Build.0 = Release|Any CPU
		{47BD5E7D-5B10-4C30-A9CF-54F95ECC0C1E}.Debug|Any CPU.ActiveCfg = Debug|Any CPU
		{47BD5E7D-5B10-4C30-A9CF-54F95ECC0C1E}.Debug|Any CPU.Build.0 = Debug|Any CPU
		{47BD5E7D-5B10-4C30-A9CF-54F95ECC0C1E}.Release|Any CPU.ActiveCfg = Release|Any CPU
		{47BD5E7D-5B10-4C30-A9CF-54F95ECC0C1E}.Release|Any CPU.Build.0 = Release|Any CPU
		{460C2903-E1C9-476B-88D3-7596B952ADE4}.Debug|Any CPU.ActiveCfg = Debug|Any CPU
		{460C2903-E1C9-476B-88D3-7596B952ADE4}.Debug|Any CPU.Build.0 = Debug|Any CPU
		{460C2903-E1C9-476B-88D3-7596B952ADE4}.Release|Any CPU.ActiveCfg = Release|Any CPU
		{460C2903-E1C9-476B-88D3-7596B952ADE4}.Release|Any CPU.Build.0 = Release|Any CPU
		{B5FD9415-0067-418E-A91C-B3F001DDA364}.Debug|Any CPU.ActiveCfg = Debug|Any CPU
		{B5FD9415-0067-418E-A91C-B3F001DDA364}.Debug|Any CPU.Build.0 = Debug|Any CPU
		{B5FD9415-0067-418E-A91C-B3F001DDA364}.Release|Any CPU.ActiveCfg = Release|Any CPU
		{B5FD9415-0067-418E-A91C-B3F001DDA364}.Release|Any CPU.Build.0 = Release|Any CPU
	EndGlobalSection
	GlobalSection(SolutionProperties) = preSolution
		HideSolutionNode = FALSE
	EndGlobalSection
	GlobalSection(ExtensibilityGlobals) = postSolution
		SolutionGuid = {AB4F2A4E-3AAA-4E2C-BC19-5F470FA3025A}
	EndGlobalSection
EndGlobal
